{
    "_readme": [
        "This file locks the dependencies of your project to a known state"
    ],
    "content-hash": "12345",
    "packages": [
        {
            "name": "guzzlehttp/guzzle",
            "version": "7.4.1",
            "source": {
                "type": "git",
                "url": "https://github.com/guzzle/guzzle.git",
                "reference": "abc"
            }
        },
        {
            "name": "laravel/framework",
            "version": "10.0.0"
        }
    ],
    "packages-dev": [
        {
            "name": "phpunit/phpunit",
            "version": "9.5.10"
        }
    ]
}
